
Microsoft Visual Studio Solution File, Format Version 12.00
# Visual Studio 14
VisualStudioVersion = 14.0.25123.0
MinimumVisualStudioVersion = 10.0.40219.1
Project("{FAE04EC0-301F-11D3-BF4B-00C04F79EFBC}") = "DexCMS.Blogs", "DexCMS.Blogs\DexCMS.Blogs.csproj", "{F423B228-C82C-48F7-B713-5DAA7E3BDF74}"
EndProject
Project("{FAE04EC0-301F-11D3-BF4B-00C04F79EFBC}") = "DexCMS.Blogs.WebApi", "DexCMS.Blogs.WebApi\DexCMS.Blogs.WebApi.csproj", "{1C77FFF3-B0AB-443C-A5C1-6479D2D02593}"
EndProject
Project("{2150E333-8FDC-42A3-9474-1A3956D46DE8}") = "Solution Items", "Solution Items", "{3872F4BD-1667-4959-A713-16A28ED6C47B}"
	ProjectSection(SolutionItems) = preProject
		gruntfile.js = gruntfile.js
		package.json = package.json
		Readme.md = Readme.md
	EndProjectSection
EndProject
Global
	GlobalSection(SolutionConfigurationPlatforms) = preSolution
		Debug|Any CPU = Debug|Any CPU
		Release|Any CPU = Release|Any CPU
	EndGlobalSection
	GlobalSection(ProjectConfigurationPlatforms) = postSolution
		{F423B228-C82C-48F7-B713-5DAA7E3BDF74}.Debug|Any CPU.ActiveCfg = Debug|Any CPU
		{F423B228-C82C-48F7-B713-5DAA7E3BDF74}.Debug|Any CPU.Build.0 = Debug|Any CPU
		{F423B228-C82C-48F7-B713-5DAA7E3BDF74}.Release|Any CPU.ActiveCfg = Release|Any CPU
		{F423B228-C82C-48F7-B713-5DAA7E3BDF74}.Release|Any CPU.Build.0 = Release|Any CPU
		{1C77FFF3-B0AB-443C-A5C1-6479D2D02593}.Debug|Any CPU.ActiveCfg = Debug|Any CPU
		{1C77FFF3-B0AB-443C-A5C1-6479D2D02593}.Debug|Any CPU.Build.0 = Debug|Any CPU
		{1C77FFF3-B0AB-443C-A5C1-6479D2D02593}.Release|Any CPU.ActiveCfg = Release|Any CPU
		{1C77FFF3-B0AB-443C-A5C1-6479D2D02593}.Release|Any CPU.Build.0 = Release|Any CPU
	EndGlobalSection
	GlobalSection(SolutionProperties) = preSolution
		HideSolutionNode = FALSE
	EndGlobalSection
EndGlobal
